{
  "requires": true,
  "lockfileVersion": 1,
  "dependencies": {
    "bootstrap-icons": {
      "version": "1.0.0-alpha4",
      "resolved": "https://registry.npmjs.org/bootstrap-icons/-/bootstrap-icons-1.0.0-alpha4.tgz",
      "integrity": "sha512-UcpSUPsvUiW7ueBQfXZSgknJv/rj060dglhWIRPjkLjUWa32jMWqsLXO8tXY2od4Ew6cuh0BJ3f8VOhQPVY4mA=="
    }
  }
}
